
Microsoft Visual Studio Solution File, Format Version 12.00
# Visual Studio Version 16
VisualStudioVersion = 16.0.30413.136
MinimumVisualStudioVersion = 10.0.40219.1
Project("{00D1A9C2-B5F0-4AF3-8072-F6C62B433612}") = "Database", "Database\Database.sqlproj", "{B2AA9F7E-2FC6-4AFE-A2F3-3B933C1401A9}"
EndProject
Project("{9A19103F-16F7-4668-BE54-9A1E7A4F7556}") = "DataAccess.Entity", "DataAccess.Entity\DataAccess.Entity.csproj", "{5621EB50-4E81-42B9-A462-DFBF5B517D89}"
EndProject
Project("{9A19103F-16F7-4668-BE54-9A1E7A4F7556}") = "DataAccess.Model", "DataAccess.Model\DataAccess.Model.csproj", "{77F26F07-7CAC-4FBC-A868-EDB3FE661409}"
EndProject
Project("{9A19103F-16F7-4668-BE54-9A1E7A4F7556}") = "DataAccess.Repository", "DataAccess.Repository\DataAccess.Repository.csproj", "{4EAE331B-5C1B-4606-B9A1-5B33E8725C1B}"
EndProject
Project("{9A19103F-16F7-4668-BE54-9A1E7A4F7556}") = "LeaderboardService.WebApp", "LeaderboardService.WebApp\LeaderboardService.WebApp.csproj", "{2B1DEE5E-1135-4CD3-AE0D-623AF3C8A456}"
EndProject
Project("{9A19103F-16F7-4668-BE54-9A1E7A4F7556}") = "LeaderboardService.Business", "LeaderboardService.Business\LeaderboardService.Business.csproj", "{4D248455-DA04-4096-8631-D815A57C3FA4}"
EndProject
Project("{9A19103F-16F7-4668-BE54-9A1E7A4F7556}") = "DataTransfer.Dto", "DataTransfer.Dto\DataTransfer.Dto.csproj", "{A8214BE0-08F3-4DDA-8912-6D0DF029D330}"
EndProject
Project("{FAE04EC0-301F-11D3-BF4B-00C04F79EFBC}") = "Framework", "Framework\Framework.csproj", "{F3A092A7-E596-4289-8FA6-9D60C5830C33}"
EndProject
Global
	GlobalSection(SolutionConfigurationPlatforms) = preSolution
		Debug|Any CPU = Debug|Any CPU
		Release|Any CPU = Release|Any CPU
	EndGlobalSection
	GlobalSection(ProjectConfigurationPlatforms) = postSolution
		{B2AA9F7E-2FC6-4AFE-A2F3-3B933C1401A9}.Debug|Any CPU.ActiveCfg = Debug|Any CPU
		{B2AA9F7E-2FC6-4AFE-A2F3-3B933C1401A9}.Debug|Any CPU.Build.0 = Debug|Any CPU
		{B2AA9F7E-2FC6-4AFE-A2F3-3B933C1401A9}.Debug|Any CPU.Deploy.0 = Debug|Any CPU
		{B2AA9F7E-2FC6-4AFE-A2F3-3B933C1401A9}.Release|Any CPU.ActiveCfg = Release|Any CPU
		{B2AA9F7E-2FC6-4AFE-A2F3-3B933C1401A9}.Release|Any CPU.Build.0 = Release|Any CPU
		{B2AA9F7E-2FC6-4AFE-A2F3-3B933C1401A9}.Release|Any CPU.Deploy.0 = Release|Any CPU
		{5621EB50-4E81-42B9-A462-DFBF5B517D89}.Debug|Any CPU.ActiveCfg = Debug|Any CPU
		{5621EB50-4E81-42B9-A462-DFBF5B517D89}.Debug|Any CPU.Build.0 = Debug|Any CPU
		{5621EB50-4E81-42B9-A462-DFBF5B517D89}.Release|Any CPU.ActiveCfg = Release|Any CPU
		{5621EB50-4E81-42B9-A462-DFBF5B517D89}.Release|Any CPU.Build.0 = Release|Any CPU
		{77F26F07-7CAC-4FBC-A868-EDB3FE661409}.Debug|Any CPU.ActiveCfg = Debug|Any CPU
		{77F26F07-7CAC-4FBC-A868-EDB3FE661409}.Debug|Any CPU.Build.0 = Debug|Any CPU
		{77F26F07-7CAC-4FBC-A868-EDB3FE661409}.Release|Any CPU.ActiveCfg = Release|Any CPU
		{77F26F07-7CAC-4FBC-A868-EDB3FE661409}.Release|Any CPU.Build.0 = Release|Any CPU
		{4EAE331B-5C1B-4606-B9A1-5B33E8725C1B}.Debug|Any CPU.ActiveCfg = Debug|Any CPU
		{4EAE331B-5C1B-4606-B9A1-5B33E8725C1B}.Debug|Any CPU.Build.0 = Debug|Any CPU
		{4EAE331B-5C1B-4606-B9A1-5B33E8725C1B}.Release|Any CPU.ActiveCfg = Release|Any CPU
		{4EAE331B-5C1B-4606-B9A1-5B33E8725C1B}.Release|Any CPU.Build.0 = Release|Any CPU
		{2B1DEE5E-1135-4CD3-AE0D-623AF3C8A456}.Debug|Any CPU.ActiveCfg = Debug|Any CPU
		{2B1DEE5E-1135-4CD3-AE0D-623AF3C8A456}.Debug|Any CPU.Build.0 = Debug|Any CPU
		{2B1DEE5E-1135-4CD3-AE0D-623AF3C8A456}.Release|Any CPU.ActiveCfg = Release|Any CPU
		{2B1DEE5E-1135-4CD3-AE0D-623AF3C8A456}.Release|Any CPU.Build.0 = Release|Any CPU
		{4D248455-DA04-4096-8631-D815A57C3FA4}.Debug|Any CPU.ActiveCfg = Debug|Any CPU
		{4D248455-DA04-4096-8631-D815A57C3FA4}.Debug|Any CPU.Build.0 = Debug|Any CPU
		{4D248455-DA04-4096-8631-D815A57C3FA4}.Release|Any CPU.ActiveCfg = Release|Any CPU
		{4D248455-DA04-4096-8631-D815A57C3FA4}.Release|Any CPU.Build.0 = Release|Any CPU
		{A8214BE0-08F3-4DDA-8912-6D0DF029D330}.Debug|Any CPU.ActiveCfg = Debug|Any CPU
		{A8214BE0-08F3-4DDA-8912-6D0DF029D330}.Debug|Any CPU.Build.0 = Debug|Any CPU
		{A8214BE0-08F3-4DDA-8912-6D0DF029D330}.Release|Any CPU.ActiveCfg = Release|Any CPU
		{A8214BE0-08F3-4DDA-8912-6D0DF029D330}.Release|Any CPU.Build.0 = Release|Any CPU
		{F3A092A7-E596-4289-8FA6-9D60C5830C33}.Debug|Any CPU.ActiveCfg = Debug|Any CPU
		{F3A092A7-E596-4289-8FA6-9D60C5830C33}.Debug|Any CPU.Build.0 = Debug|Any CPU
		{F3A092A7-E596-4289-8FA6-9D60C5830C33}.Release|Any CPU.ActiveCfg = Release|Any CPU
		{F3A092A7-E596-4289-8FA6-9D60C5830C33}.Release|Any CPU.Build.0 = Release|Any CPU
	EndGlobalSection
	GlobalSection(SolutionProperties) = preSolution
		HideSolutionNode = FALSE
	EndGlobalSection
	GlobalSection(ExtensibilityGlobals) = postSolution
		SolutionGuid = {1B46AC8B-ABDD-43C9-B21D-AF74E7E0DF24}
	EndGlobalSection
EndGlobal
