
Microsoft Visual Studio Solution File, Format Version 12.00
# Visual Studio Version 16
VisualStudioVersion = 16.0.30413.136
MinimumVisualStudioVersion = 10.0.40219.1
Project("{00D1A9C2-B5F0-4AF3-8072-F6C62B433612}") = "Database", "Database\Database.sqlproj", "{B2AA9F7E-2FC6-4AFE-A2F3-3B933C1401A9}"
EndProject
Global
	GlobalSection(SolutionConfigurationPlatforms) = preSolution
		Debug|Any CPU = Debug|Any CPU
		Release|Any CPU = Release|Any CPU
	EndGlobalSection
	GlobalSection(ProjectConfigurationPlatforms) = postSolution
		{B2AA9F7E-2FC6-4AFE-A2F3-3B933C1401A9}.Debug|Any CPU.ActiveCfg = Debug|Any CPU
		{B2AA9F7E-2FC6-4AFE-A2F3-3B933C1401A9}.Debug|Any CPU.Build.0 = Debug|Any CPU
		{B2AA9F7E-2FC6-4AFE-A2F3-3B933C1401A9}.Debug|Any CPU.Deploy.0 = Debug|Any CPU
		{B2AA9F7E-2FC6-4AFE-A2F3-3B933C1401A9}.Release|Any CPU.ActiveCfg = Release|Any CPU
		{B2AA9F7E-2FC6-4AFE-A2F3-3B933C1401A9}.Release|Any CPU.Build.0 = Release|Any CPU
		{B2AA9F7E-2FC6-4AFE-A2F3-3B933C1401A9}.Release|Any CPU.Deploy.0 = Release|Any CPU
	EndGlobalSection
	GlobalSection(SolutionProperties) = preSolution
		HideSolutionNode = FALSE
	EndGlobalSection
	GlobalSection(ExtensibilityGlobals) = postSolution
		SolutionGuid = {1B46AC8B-ABDD-43C9-B21D-AF74E7E0DF24}
	EndGlobalSection
EndGlobal
